
Microsoft Visual Studio Solution File, Format Version 12.00
# Visual Studio Version 16
VisualStudioVersion = 16.0.29709.97
MinimumVisualStudioVersion = 10.0.40219.1
Project("{FAE04EC0-301F-11D3-BF4B-00C04F79EFBC}") = "CSH_Seminarski_Web_Browser", "CSH_Seminarski_Web_Browser\CSH_Seminarski_Web_Browser.csproj", "{09D5B49F-0DBC-4594-83DC-2EA9FE3806F9}"
EndProject
Project("{2150E333-8FDC-42A3-9474-1A3956D46DE8}") = "Solution Items", "Solution Items", "{88C764C6-A2D6-4ACD-AA9B-07D4AFE2A81B}"
	ProjectSection(SolutionItems) = preProject
		Junk.txt = Junk.txt
	EndProjectSection
EndProject
Global
	GlobalSection(SolutionConfigurationPlatforms) = preSolution
		Debug|Any CPU = Debug|Any CPU
		Release|Any CPU = Release|Any CPU
	EndGlobalSection
	GlobalSection(ProjectConfigurationPlatforms) = postSolution
		{09D5B49F-0DBC-4594-83DC-2EA9FE3806F9}.Debug|Any CPU.ActiveCfg = Debug|Any CPU
		{09D5B49F-0DBC-4594-83DC-2EA9FE3806F9}.Debug|Any CPU.Build.0 = Debug|Any CPU
		{09D5B49F-0DBC-4594-83DC-2EA9FE3806F9}.Release|Any CPU.ActiveCfg = Release|Any CPU
		{09D5B49F-0DBC-4594-83DC-2EA9FE3806F9}.Release|Any CPU.Build.0 = Release|Any CPU
	EndGlobalSection
	GlobalSection(SolutionProperties) = preSolution
		HideSolutionNode = FALSE
	EndGlobalSection
	GlobalSection(ExtensibilityGlobals) = postSolution
		SolutionGuid = {677A8CB5-EE8F-4B93-8EC2-995AC735CCE9}
	EndGlobalSection
EndGlobal
